
Microsoft Visual Studio Solution File, Format Version 12.00
# Visual Studio 15
VisualStudioVersion = 15.0.27130.2003
MinimumVisualStudioVersion = 10.0.40219.1
Project("{2150E333-8FDC-42A3-9474-1A3956D46DE8}") = "capabilities", "capabilities", "{BFF31C6D-B52A-439F-A4CD-F37EAC6EFAB4}"
EndProject
Project("{2150E333-8FDC-42A3-9474-1A3956D46DE8}") = "common", "common", "{6D0862DC-0299-42EC-8DAA-91E76B6B8815}"
EndProject
Project("{2150E333-8FDC-42A3-9474-1A3956D46DE8}") = "solutions", "solutions", "{E7E21DCA-071F-4888-A7BC-A83E8B7FB7F7}"
EndProject
Project("{2150E333-8FDC-42A3-9474-1A3956D46DE8}") = "utils", "utils", "{53BDD8F6-F7A2-40FA-8BEC-4D6CCC49FC1A}"
EndProject
Project("{2150E333-8FDC-42A3-9474-1A3956D46DE8}") = "dashboard", "dashboard", "{5E610BDE-0B9F-4CD5-B57A-CAC318D7C2E5}"
EndProject
Project("{2150E333-8FDC-42A3-9474-1A3956D46DE8}") = "database registry", "database registry", "{312E2B03-746D-4360-B4F3-FC98576FB536}"
EndProject
Project("{2150E333-8FDC-42A3-9474-1A3956D46DE8}") = "formatting", "formatting", "{0114BACC-A4F7-405B-8588-577FB9A5D87E}"
EndProject
Project("{2150E333-8FDC-42A3-9474-1A3956D46DE8}") = "hospital", "hospital", "{117913B0-3FB1-4068-BD1D-58E80EB7D380}"
EndProject
Project("{2150E333-8FDC-42A3-9474-1A3956D46DE8}") = "notifications", "notifications", "{79869C62-9F8B-40D0-9226-15ED23DA06F6}"
EndProject
Project("{2150E333-8FDC-42A3-9474-1A3956D46DE8}") = "protection", "protection", "{17DCD1A4-F093-404F-BE0D-1EB01A1EE9B5}"
EndProject
Project("{2150E333-8FDC-42A3-9474-1A3956D46DE8}") = "suggestions", "suggestions", "{8614B947-7349-4E54-B6D2-F8970502D43F}"
EndProject
Project("{FAE04EC0-301F-11D3-BF4B-00C04F79EFBC}") = "fatal_attraction", "utils\fatal_attraction\fatal_attraction.csproj", "{BE2F2248-3E32-4EED-A7F0-FE40A109D280}"
EndProject
Project("{FAE04EC0-301F-11D3-BF4B-00C04F79EFBC}") = "helpers", "common\helpers\helpers.csproj", "{896267D6-5265-4020-83A7-7C3332FDAA29}"
EndProject
Project("{FAE04EC0-301F-11D3-BF4B-00C04F79EFBC}") = "messages", "messages\messages.csproj", "{E7B46A6E-4EB4-44F0-9AA8-26E0EB1FE16F}"
EndProject
Project("{FAE04EC0-301F-11D3-BF4B-00C04F79EFBC}") = "models", "models\models.csproj", "{34C874C2-057F-4356-86FD-9D2C4BBBA38F}"
EndProject
Project("{FAE04EC0-301F-11D3-BF4B-00C04F79EFBC}") = "dashboard.service", "capabilities\dashboard.service\dashboard.service.csproj", "{09CE5844-314C-4F5E-AA01-8FE6DC19957C}"
EndProject
Project("{FAE04EC0-301F-11D3-BF4B-00C04F79EFBC}") = "database_registry.service", "capabilities\database_registry.service\database_registry.service.csproj", "{4C2A9CF0-7FB0-4C79-AA5B-EBD3446861C8}"
EndProject
Project("{FAE04EC0-301F-11D3-BF4B-00C04F79EFBC}") = "script_formatting.service", "capabilities\script_formatting.service\script_formatting.service.csproj", "{2B68CC1E-B0EA-4D7B-8DE0-5347016BE362}"
EndProject
Project("{FAE04EC0-301F-11D3-BF4B-00C04F79EFBC}") = "hospital.service", "capabilities\hospital.service\hospital.service.csproj", "{1AF99D35-8417-4F4E-9C8A-4697B4D63CA9}"
EndProject
Global
	GlobalSection(SolutionConfigurationPlatforms) = preSolution
		Debug|Any CPU = Debug|Any CPU
		Release|Any CPU = Release|Any CPU
	EndGlobalSection
	GlobalSection(ProjectConfigurationPlatforms) = postSolution
		{BE2F2248-3E32-4EED-A7F0-FE40A109D280}.Debug|Any CPU.ActiveCfg = Debug|Any CPU
		{BE2F2248-3E32-4EED-A7F0-FE40A109D280}.Debug|Any CPU.Build.0 = Debug|Any CPU
		{BE2F2248-3E32-4EED-A7F0-FE40A109D280}.Release|Any CPU.ActiveCfg = Release|Any CPU
		{BE2F2248-3E32-4EED-A7F0-FE40A109D280}.Release|Any CPU.Build.0 = Release|Any CPU
		{896267D6-5265-4020-83A7-7C3332FDAA29}.Debug|Any CPU.ActiveCfg = Debug|Any CPU
		{896267D6-5265-4020-83A7-7C3332FDAA29}.Debug|Any CPU.Build.0 = Debug|Any CPU
		{896267D6-5265-4020-83A7-7C3332FDAA29}.Release|Any CPU.ActiveCfg = Release|Any CPU
		{896267D6-5265-4020-83A7-7C3332FDAA29}.Release|Any CPU.Build.0 = Release|Any CPU
		{E7B46A6E-4EB4-44F0-9AA8-26E0EB1FE16F}.Debug|Any CPU.ActiveCfg = Debug|Any CPU
		{E7B46A6E-4EB4-44F0-9AA8-26E0EB1FE16F}.Debug|Any CPU.Build.0 = Debug|Any CPU
		{E7B46A6E-4EB4-44F0-9AA8-26E0EB1FE16F}.Release|Any CPU.ActiveCfg = Release|Any CPU
		{E7B46A6E-4EB4-44F0-9AA8-26E0EB1FE16F}.Release|Any CPU.Build.0 = Release|Any CPU
		{34C874C2-057F-4356-86FD-9D2C4BBBA38F}.Debug|Any CPU.ActiveCfg = Debug|Any CPU
		{34C874C2-057F-4356-86FD-9D2C4BBBA38F}.Debug|Any CPU.Build.0 = Debug|Any CPU
		{34C874C2-057F-4356-86FD-9D2C4BBBA38F}.Release|Any CPU.ActiveCfg = Release|Any CPU
		{34C874C2-057F-4356-86FD-9D2C4BBBA38F}.Release|Any CPU.Build.0 = Release|Any CPU
		{09CE5844-314C-4F5E-AA01-8FE6DC19957C}.Debug|Any CPU.ActiveCfg = Debug|Any CPU
		{09CE5844-314C-4F5E-AA01-8FE6DC19957C}.Debug|Any CPU.Build.0 = Debug|Any CPU
		{09CE5844-314C-4F5E-AA01-8FE6DC19957C}.Release|Any CPU.ActiveCfg = Release|Any CPU
		{09CE5844-314C-4F5E-AA01-8FE6DC19957C}.Release|Any CPU.Build.0 = Release|Any CPU
		{4C2A9CF0-7FB0-4C79-AA5B-EBD3446861C8}.Debug|Any CPU.ActiveCfg = Debug|Any CPU
		{4C2A9CF0-7FB0-4C79-AA5B-EBD3446861C8}.Debug|Any CPU.Build.0 = Debug|Any CPU
		{4C2A9CF0-7FB0-4C79-AA5B-EBD3446861C8}.Release|Any CPU.ActiveCfg = Release|Any CPU
		{4C2A9CF0-7FB0-4C79-AA5B-EBD3446861C8}.Release|Any CPU.Build.0 = Release|Any CPU
		{2B68CC1E-B0EA-4D7B-8DE0-5347016BE362}.Debug|Any CPU.ActiveCfg = Debug|Any CPU
		{2B68CC1E-B0EA-4D7B-8DE0-5347016BE362}.Debug|Any CPU.Build.0 = Debug|Any CPU
		{2B68CC1E-B0EA-4D7B-8DE0-5347016BE362}.Release|Any CPU.ActiveCfg = Release|Any CPU
		{2B68CC1E-B0EA-4D7B-8DE0-5347016BE362}.Release|Any CPU.Build.0 = Release|Any CPU
		{1AF99D35-8417-4F4E-9C8A-4697B4D63CA9}.Debug|Any CPU.ActiveCfg = Debug|Any CPU
		{1AF99D35-8417-4F4E-9C8A-4697B4D63CA9}.Debug|Any CPU.Build.0 = Debug|Any CPU
		{1AF99D35-8417-4F4E-9C8A-4697B4D63CA9}.Release|Any CPU.ActiveCfg = Release|Any CPU
		{1AF99D35-8417-4F4E-9C8A-4697B4D63CA9}.Release|Any CPU.Build.0 = Release|Any CPU
	EndGlobalSection
	GlobalSection(SolutionProperties) = preSolution
		HideSolutionNode = FALSE
	EndGlobalSection
	GlobalSection(NestedProjects) = preSolution
		{5E610BDE-0B9F-4CD5-B57A-CAC318D7C2E5} = {BFF31C6D-B52A-439F-A4CD-F37EAC6EFAB4}
		{312E2B03-746D-4360-B4F3-FC98576FB536} = {BFF31C6D-B52A-439F-A4CD-F37EAC6EFAB4}
		{0114BACC-A4F7-405B-8588-577FB9A5D87E} = {BFF31C6D-B52A-439F-A4CD-F37EAC6EFAB4}
		{117913B0-3FB1-4068-BD1D-58E80EB7D380} = {BFF31C6D-B52A-439F-A4CD-F37EAC6EFAB4}
		{79869C62-9F8B-40D0-9226-15ED23DA06F6} = {BFF31C6D-B52A-439F-A4CD-F37EAC6EFAB4}
		{17DCD1A4-F093-404F-BE0D-1EB01A1EE9B5} = {BFF31C6D-B52A-439F-A4CD-F37EAC6EFAB4}
		{8614B947-7349-4E54-B6D2-F8970502D43F} = {BFF31C6D-B52A-439F-A4CD-F37EAC6EFAB4}
		{BE2F2248-3E32-4EED-A7F0-FE40A109D280} = {53BDD8F6-F7A2-40FA-8BEC-4D6CCC49FC1A}
		{896267D6-5265-4020-83A7-7C3332FDAA29} = {6D0862DC-0299-42EC-8DAA-91E76B6B8815}
		{E7B46A6E-4EB4-44F0-9AA8-26E0EB1FE16F} = {6D0862DC-0299-42EC-8DAA-91E76B6B8815}
		{34C874C2-057F-4356-86FD-9D2C4BBBA38F} = {6D0862DC-0299-42EC-8DAA-91E76B6B8815}
		{09CE5844-314C-4F5E-AA01-8FE6DC19957C} = {5E610BDE-0B9F-4CD5-B57A-CAC318D7C2E5}
		{4C2A9CF0-7FB0-4C79-AA5B-EBD3446861C8} = {312E2B03-746D-4360-B4F3-FC98576FB536}
		{2B68CC1E-B0EA-4D7B-8DE0-5347016BE362} = {0114BACC-A4F7-405B-8588-577FB9A5D87E}
		{1AF99D35-8417-4F4E-9C8A-4697B4D63CA9} = {117913B0-3FB1-4068-BD1D-58E80EB7D380}
	EndGlobalSection
	GlobalSection(ExtensibilityGlobals) = postSolution
		SolutionGuid = {0504F50C-79CB-44ED-82DC-89803CF191B0}
	EndGlobalSection
EndGlobal
